
Microsoft Visual Studio Solution File, Format Version 12.00
Project("{FAE04EC0-301F-11D3-BF4B-00C04F79EFBC}") = "Void.BetterNote", "Void.BetterNote\Void.BetterNote.csproj", "{C18A59FF-3A76-406A-A625-C14C27E433EC}"
EndProject
Global
	GlobalSection(SolutionConfigurationPlatforms) = preSolution
		Debug|Any CPU = Debug|Any CPU
		Release|Any CPU = Release|Any CPU
	EndGlobalSection
	GlobalSection(ProjectConfigurationPlatforms) = postSolution
		{C18A59FF-3A76-406A-A625-C14C27E433EC}.Debug|Any CPU.ActiveCfg = Debug|Any CPU
		{C18A59FF-3A76-406A-A625-C14C27E433EC}.Debug|Any CPU.Build.0 = Debug|Any CPU
		{C18A59FF-3A76-406A-A625-C14C27E433EC}.Release|Any CPU.ActiveCfg = Release|Any CPU
		{C18A59FF-3A76-406A-A625-C14C27E433EC}.Release|Any CPU.Build.0 = Release|Any CPU
	EndGlobalSection
EndGlobal
